
Microsoft Visual Studio Solution File, Format Version 11.00
# Visual Studio 2010
Project("{FAE04EC0-301F-11D3-BF4B-00C04F79EFBC}") = "Wiseacre", "Assembly-CSharp.csproj", "{DEE81BF9-A798-328C-1EF6-116E4DDB6373}"
EndProject
Global
	GlobalSection(SolutionConfigurationPlatforms) = preSolution
		Debug|Any CPU = Debug|Any CPU
		Release|Any CPU = Release|Any CPU
	EndGlobalSection
	GlobalSection(ProjectConfigurationPlatforms) = postSolution
		{DEE81BF9-A798-328C-1EF6-116E4DDB6373}.Debug|Any CPU.ActiveCfg = Debug|Any CPU
		{DEE81BF9-A798-328C-1EF6-116E4DDB6373}.Debug|Any CPU.Build.0 = Debug|Any CPU
		{DEE81BF9-A798-328C-1EF6-116E4DDB6373}.Release|Any CPU.ActiveCfg = Release|Any CPU
		{DEE81BF9-A798-328C-1EF6-116E4DDB6373}.Release|Any CPU.Build.0 = Release|Any CPU
	EndGlobalSection
	GlobalSection(SolutionProperties) = preSolution
		HideSolutionNode = FALSE
	EndGlobalSection
	GlobalSection(MonoDevelopProperties) = preSolution
		StartupItem = Assembly-CSharp.csproj
	EndGlobalSection
EndGlobal
